
Microsoft Visual Studio Solution File, Format Version 12.00
Project("{FAE04EC0-301F-11D3-BF4B-00C04F79EFBC}") = "Yatzy-Kata", "Yatzy-Kata\Yatzy-Kata.csproj", "{EDEEF30C-3FA2-4F12-A520-5B7D43AE53D4}"
EndProject
Project("{FAE04EC0-301F-11D3-BF4B-00C04F79EFBC}") = "Yatzy-Test", "Yatzy-Test\Yatzy-Test.csproj", "{0EAFC069-4FA4-4B4E-B7D2-85208D2EB1E7}"
EndProject
Global
	GlobalSection(SolutionConfigurationPlatforms) = preSolution
		Debug|Any CPU = Debug|Any CPU
		Release|Any CPU = Release|Any CPU
	EndGlobalSection
	GlobalSection(ProjectConfigurationPlatforms) = postSolution
		{EDEEF30C-3FA2-4F12-A520-5B7D43AE53D4}.Debug|Any CPU.ActiveCfg = Debug|Any CPU
		{EDEEF30C-3FA2-4F12-A520-5B7D43AE53D4}.Debug|Any CPU.Build.0 = Debug|Any CPU
		{EDEEF30C-3FA2-4F12-A520-5B7D43AE53D4}.Release|Any CPU.ActiveCfg = Release|Any CPU
		{EDEEF30C-3FA2-4F12-A520-5B7D43AE53D4}.Release|Any CPU.Build.0 = Release|Any CPU
		{0EAFC069-4FA4-4B4E-B7D2-85208D2EB1E7}.Debug|Any CPU.ActiveCfg = Debug|Any CPU
		{0EAFC069-4FA4-4B4E-B7D2-85208D2EB1E7}.Debug|Any CPU.Build.0 = Debug|Any CPU
		{0EAFC069-4FA4-4B4E-B7D2-85208D2EB1E7}.Release|Any CPU.ActiveCfg = Release|Any CPU
		{0EAFC069-4FA4-4B4E-B7D2-85208D2EB1E7}.Release|Any CPU.Build.0 = Release|Any CPU
	EndGlobalSection
EndGlobal
